
Microsoft Visual Studio Solution File, Format Version 12.00
# Visual Studio 15
VisualStudioVersion = 15.0.28010.2050
MinimumVisualStudioVersion = 10.0.40219.1
Project("{9A19103F-16F7-4668-BE54-9A1E7A4F7556}") = "Day01", "Day1\Day01.csproj", "{4DB25CC8-43D5-4A05-AD9D-7F0066FE2266}"
EndProject
Project("{9A19103F-16F7-4668-BE54-9A1E7A4F7556}") = "Day02", "Day2\Day02.csproj", "{EC8AB4E3-B3B2-4D1A-87C2-E8B451672626}"
EndProject
Project("{9A19103F-16F7-4668-BE54-9A1E7A4F7556}") = "Day03", "Day3\Day03.csproj", "{FC5DA338-1C85-4639-BDDE-8DABA71CEF70}"
EndProject
Project("{9A19103F-16F7-4668-BE54-9A1E7A4F7556}") = "Day04", "Day4\Day04.csproj", "{7D065E94-5DF3-4420-BF95-A5E11B3EF85B}"
EndProject
Project("{9A19103F-16F7-4668-BE54-9A1E7A4F7556}") = "Day05", "Day5\Day05.csproj", "{53C9E912-1689-4C1B-92AB-3C85B5A2437D}"
EndProject
Project("{9A19103F-16F7-4668-BE54-9A1E7A4F7556}") = "Day06", "Day6\Day06.csproj", "{B9DB9AEB-030F-4286-B825-9E91F7155E98}"
EndProject
Project("{9A19103F-16F7-4668-BE54-9A1E7A4F7556}") = "Day07", "Day7\Day07.csproj", "{200D0D09-5E9A-48B5-9BCC-553EF52C4DAF}"
EndProject
Project("{9A19103F-16F7-4668-BE54-9A1E7A4F7556}") = "Day08", "Day8\Day08.csproj", "{28D8CA99-9AAB-4800-82DB-650AAFDD1F31}"
EndProject
Project("{9A19103F-16F7-4668-BE54-9A1E7A4F7556}") = "Day09", "Day9\Day09.csproj", "{BF5409A1-A484-4D45-8A62-949C9607864A}"
EndProject
Project("{9A19103F-16F7-4668-BE54-9A1E7A4F7556}") = "Day10", "Day10\Day10.csproj", "{9A044D48-A291-4E81-A3BD-C7ECDC938C03}"
EndProject
Project("{9A19103F-16F7-4668-BE54-9A1E7A4F7556}") = "Day11", "Day11\Day11.csproj", "{B362C837-5B02-4018-9DF7-CFD8AD522A1C}"
EndProject
Project("{FAE04EC0-301F-11D3-BF4B-00C04F79EFBC}") = "Day12", "Day12\Day12.csproj", "{56D070AE-9BE3-45AC-9EB0-EE60971B5CF7}"
EndProject
Global
	GlobalSection(SolutionConfigurationPlatforms) = preSolution
		Debug|Any CPU = Debug|Any CPU
		Release|Any CPU = Release|Any CPU
	EndGlobalSection
	GlobalSection(ProjectConfigurationPlatforms) = postSolution
		{4DB25CC8-43D5-4A05-AD9D-7F0066FE2266}.Debug|Any CPU.ActiveCfg = Debug|Any CPU
		{4DB25CC8-43D5-4A05-AD9D-7F0066FE2266}.Debug|Any CPU.Build.0 = Debug|Any CPU
		{4DB25CC8-43D5-4A05-AD9D-7F0066FE2266}.Release|Any CPU.ActiveCfg = Release|Any CPU
		{4DB25CC8-43D5-4A05-AD9D-7F0066FE2266}.Release|Any CPU.Build.0 = Release|Any CPU
		{EC8AB4E3-B3B2-4D1A-87C2-E8B451672626}.Debug|Any CPU.ActiveCfg = Debug|Any CPU
		{EC8AB4E3-B3B2-4D1A-87C2-E8B451672626}.Debug|Any CPU.Build.0 = Debug|Any CPU
		{EC8AB4E3-B3B2-4D1A-87C2-E8B451672626}.Release|Any CPU.ActiveCfg = Release|Any CPU
		{EC8AB4E3-B3B2-4D1A-87C2-E8B451672626}.Release|Any CPU.Build.0 = Release|Any CPU
		{FC5DA338-1C85-4639-BDDE-8DABA71CEF70}.Debug|Any CPU.ActiveCfg = Debug|Any CPU
		{FC5DA338-1C85-4639-BDDE-8DABA71CEF70}.Debug|Any CPU.Build.0 = Debug|Any CPU
		{FC5DA338-1C85-4639-BDDE-8DABA71CEF70}.Release|Any CPU.ActiveCfg = Release|Any CPU
		{FC5DA338-1C85-4639-BDDE-8DABA71CEF70}.Release|Any CPU.Build.0 = Release|Any CPU
		{7D065E94-5DF3-4420-BF95-A5E11B3EF85B}.Debug|Any CPU.ActiveCfg = Debug|Any CPU
		{7D065E94-5DF3-4420-BF95-A5E11B3EF85B}.Debug|Any CPU.Build.0 = Debug|Any CPU
		{7D065E94-5DF3-4420-BF95-A5E11B3EF85B}.Release|Any CPU.ActiveCfg = Release|Any CPU
		{7D065E94-5DF3-4420-BF95-A5E11B3EF85B}.Release|Any CPU.Build.0 = Release|Any CPU
		{53C9E912-1689-4C1B-92AB-3C85B5A2437D}.Debug|Any CPU.ActiveCfg = Debug|Any CPU
		{53C9E912-1689-4C1B-92AB-3C85B5A2437D}.Debug|Any CPU.Build.0 = Debug|Any CPU
		{53C9E912-1689-4C1B-92AB-3C85B5A2437D}.Release|Any CPU.ActiveCfg = Release|Any CPU
		{53C9E912-1689-4C1B-92AB-3C85B5A2437D}.Release|Any CPU.Build.0 = Release|Any CPU
		{B9DB9AEB-030F-4286-B825-9E91F7155E98}.Debug|Any CPU.ActiveCfg = Debug|Any CPU
		{B9DB9AEB-030F-4286-B825-9E91F7155E98}.Debug|Any CPU.Build.0 = Debug|Any CPU
		{B9DB9AEB-030F-4286-B825-9E91F7155E98}.Release|Any CPU.ActiveCfg = Release|Any CPU
		{B9DB9AEB-030F-4286-B825-9E91F7155E98}.Release|Any CPU.Build.0 = Release|Any CPU
		{200D0D09-5E9A-48B5-9BCC-553EF52C4DAF}.Debug|Any CPU.ActiveCfg = Debug|Any CPU
		{200D0D09-5E9A-48B5-9BCC-553EF52C4DAF}.Debug|Any CPU.Build.0 = Debug|Any CPU
		{200D0D09-5E9A-48B5-9BCC-553EF52C4DAF}.Release|Any CPU.ActiveCfg = Release|Any CPU
		{200D0D09-5E9A-48B5-9BCC-553EF52C4DAF}.Release|Any CPU.Build.0 = Release|Any CPU
		{28D8CA99-9AAB-4800-82DB-650AAFDD1F31}.Debug|Any CPU.ActiveCfg = Debug|Any CPU
		{28D8CA99-9AAB-4800-82DB-650AAFDD1F31}.Debug|Any CPU.Build.0 = Debug|Any CPU
		{28D8CA99-9AAB-4800-82DB-650AAFDD1F31}.Release|Any CPU.ActiveCfg = Release|Any CPU
		{28D8CA99-9AAB-4800-82DB-650AAFDD1F31}.Release|Any CPU.Build.0 = Release|Any CPU
		{BF5409A1-A484-4D45-8A62-949C9607864A}.Debug|Any CPU.ActiveCfg = Debug|Any CPU
		{BF5409A1-A484-4D45-8A62-949C9607864A}.Debug|Any CPU.Build.0 = Debug|Any CPU
		{BF5409A1-A484-4D45-8A62-949C9607864A}.Release|Any CPU.ActiveCfg = Release|Any CPU
		{BF5409A1-A484-4D45-8A62-949C9607864A}.Release|Any CPU.Build.0 = Release|Any CPU
		{9A044D48-A291-4E81-A3BD-C7ECDC938C03}.Debug|Any CPU.ActiveCfg = Debug|Any CPU
		{9A044D48-A291-4E81-A3BD-C7ECDC938C03}.Debug|Any CPU.Build.0 = Debug|Any CPU
		{9A044D48-A291-4E81-A3BD-C7ECDC938C03}.Release|Any CPU.ActiveCfg = Release|Any CPU
		{9A044D48-A291-4E81-A3BD-C7ECDC938C03}.Release|Any CPU.Build.0 = Release|Any CPU
		{B362C837-5B02-4018-9DF7-CFD8AD522A1C}.Debug|Any CPU.ActiveCfg = Debug|Any CPU
		{B362C837-5B02-4018-9DF7-CFD8AD522A1C}.Debug|Any CPU.Build.0 = Debug|Any CPU
		{B362C837-5B02-4018-9DF7-CFD8AD522A1C}.Release|Any CPU.ActiveCfg = Release|Any CPU
		{B362C837-5B02-4018-9DF7-CFD8AD522A1C}.Release|Any CPU.Build.0 = Release|Any CPU
		{56D070AE-9BE3-45AC-9EB0-EE60971B5CF7}.Debug|Any CPU.ActiveCfg = Debug|Any CPU
		{56D070AE-9BE3-45AC-9EB0-EE60971B5CF7}.Debug|Any CPU.Build.0 = Debug|Any CPU
		{56D070AE-9BE3-45AC-9EB0-EE60971B5CF7}.Release|Any CPU.ActiveCfg = Release|Any CPU
		{56D070AE-9BE3-45AC-9EB0-EE60971B5CF7}.Release|Any CPU.Build.0 = Release|Any CPU
	EndGlobalSection
	GlobalSection(SolutionProperties) = preSolution
		HideSolutionNode = FALSE
	EndGlobalSection
	GlobalSection(ExtensibilityGlobals) = postSolution
		SolutionGuid = {323858BC-3B81-48B8-AF5A-7D59086F463E}
	EndGlobalSection
EndGlobal
