
Microsoft Visual Studio Solution File, Format Version 12.00
# Visual Studio 15
VisualStudioVersion = 15.0.28010.2050
MinimumVisualStudioVersion = 10.0.40219.1
Project("{9A19103F-16F7-4668-BE54-9A1E7A4F7556}") = "Day1", "Day1\Day1.csproj", "{4DB25CC8-43D5-4A05-AD9D-7F0066FE2266}"
EndProject
Project("{9A19103F-16F7-4668-BE54-9A1E7A4F7556}") = "Day2", "Day2\Day2.csproj", "{EC8AB4E3-B3B2-4D1A-87C2-E8B451672626}"
EndProject
Project("{9A19103F-16F7-4668-BE54-9A1E7A4F7556}") = "Day3", "Day3\Day3.csproj", "{FC5DA338-1C85-4639-BDDE-8DABA71CEF70}"
EndProject
Project("{9A19103F-16F7-4668-BE54-9A1E7A4F7556}") = "Day4", "Day4\Day4.csproj", "{7D065E94-5DF3-4420-BF95-A5E11B3EF85B}"
EndProject
Project("{9A19103F-16F7-4668-BE54-9A1E7A4F7556}") = "Day5", "Day5\Day5.csproj", "{53C9E912-1689-4C1B-92AB-3C85B5A2437D}"
EndProject
Project("{9A19103F-16F7-4668-BE54-9A1E7A4F7556}") = "Day6", "Day6\Day6.csproj", "{B9DB9AEB-030F-4286-B825-9E91F7155E98}"
EndProject
Project("{9A19103F-16F7-4668-BE54-9A1E7A4F7556}") = "Day7", "Day7\Day7.csproj", "{200D0D09-5E9A-48B5-9BCC-553EF52C4DAF}"
EndProject
Project("{9A19103F-16F7-4668-BE54-9A1E7A4F7556}") = "Day8", "Day8\Day8.csproj", "{28D8CA99-9AAB-4800-82DB-650AAFDD1F31}"
EndProject
Project("{FAE04EC0-301F-11D3-BF4B-00C04F79EFBC}") = "Day9", "Day9\Day9.csproj", "{BF5409A1-A484-4D45-8A62-949C9607864A}"
EndProject
Global
	GlobalSection(SolutionConfigurationPlatforms) = preSolution
		Debug|Any CPU = Debug|Any CPU
		Release|Any CPU = Release|Any CPU
	EndGlobalSection
	GlobalSection(ProjectConfigurationPlatforms) = postSolution
		{4DB25CC8-43D5-4A05-AD9D-7F0066FE2266}.Debug|Any CPU.ActiveCfg = Debug|Any CPU
		{4DB25CC8-43D5-4A05-AD9D-7F0066FE2266}.Debug|Any CPU.Build.0 = Debug|Any CPU
		{4DB25CC8-43D5-4A05-AD9D-7F0066FE2266}.Release|Any CPU.ActiveCfg = Release|Any CPU
		{4DB25CC8-43D5-4A05-AD9D-7F0066FE2266}.Release|Any CPU.Build.0 = Release|Any CPU
		{EC8AB4E3-B3B2-4D1A-87C2-E8B451672626}.Debug|Any CPU.ActiveCfg = Debug|Any CPU
		{EC8AB4E3-B3B2-4D1A-87C2-E8B451672626}.Debug|Any CPU.Build.0 = Debug|Any CPU
		{EC8AB4E3-B3B2-4D1A-87C2-E8B451672626}.Release|Any CPU.ActiveCfg = Release|Any CPU
		{EC8AB4E3-B3B2-4D1A-87C2-E8B451672626}.Release|Any CPU.Build.0 = Release|Any CPU
		{FC5DA338-1C85-4639-BDDE-8DABA71CEF70}.Debug|Any CPU.ActiveCfg = Debug|Any CPU
		{FC5DA338-1C85-4639-BDDE-8DABA71CEF70}.Debug|Any CPU.Build.0 = Debug|Any CPU
		{FC5DA338-1C85-4639-BDDE-8DABA71CEF70}.Release|Any CPU.ActiveCfg = Release|Any CPU
		{FC5DA338-1C85-4639-BDDE-8DABA71CEF70}.Release|Any CPU.Build.0 = Release|Any CPU
		{7D065E94-5DF3-4420-BF95-A5E11B3EF85B}.Debug|Any CPU.ActiveCfg = Debug|Any CPU
		{7D065E94-5DF3-4420-BF95-A5E11B3EF85B}.Debug|Any CPU.Build.0 = Debug|Any CPU
		{7D065E94-5DF3-4420-BF95-A5E11B3EF85B}.Release|Any CPU.ActiveCfg = Release|Any CPU
		{7D065E94-5DF3-4420-BF95-A5E11B3EF85B}.Release|Any CPU.Build.0 = Release|Any CPU
		{53C9E912-1689-4C1B-92AB-3C85B5A2437D}.Debug|Any CPU.ActiveCfg = Debug|Any CPU
		{53C9E912-1689-4C1B-92AB-3C85B5A2437D}.Debug|Any CPU.Build.0 = Debug|Any CPU
		{53C9E912-1689-4C1B-92AB-3C85B5A2437D}.Release|Any CPU.ActiveCfg = Release|Any CPU
		{53C9E912-1689-4C1B-92AB-3C85B5A2437D}.Release|Any CPU.Build.0 = Release|Any CPU
		{B9DB9AEB-030F-4286-B825-9E91F7155E98}.Debug|Any CPU.ActiveCfg = Debug|Any CPU
		{B9DB9AEB-030F-4286-B825-9E91F7155E98}.Debug|Any CPU.Build.0 = Debug|Any CPU
		{B9DB9AEB-030F-4286-B825-9E91F7155E98}.Release|Any CPU.ActiveCfg = Release|Any CPU
		{B9DB9AEB-030F-4286-B825-9E91F7155E98}.Release|Any CPU.Build.0 = Release|Any CPU
		{200D0D09-5E9A-48B5-9BCC-553EF52C4DAF}.Debug|Any CPU.ActiveCfg = Debug|Any CPU
		{200D0D09-5E9A-48B5-9BCC-553EF52C4DAF}.Debug|Any CPU.Build.0 = Debug|Any CPU
		{200D0D09-5E9A-48B5-9BCC-553EF52C4DAF}.Release|Any CPU.ActiveCfg = Release|Any CPU
		{200D0D09-5E9A-48B5-9BCC-553EF52C4DAF}.Release|Any CPU.Build.0 = Release|Any CPU
		{28D8CA99-9AAB-4800-82DB-650AAFDD1F31}.Debug|Any CPU.ActiveCfg = Debug|Any CPU
		{28D8CA99-9AAB-4800-82DB-650AAFDD1F31}.Debug|Any CPU.Build.0 = Debug|Any CPU
		{28D8CA99-9AAB-4800-82DB-650AAFDD1F31}.Release|Any CPU.ActiveCfg = Release|Any CPU
		{28D8CA99-9AAB-4800-82DB-650AAFDD1F31}.Release|Any CPU.Build.0 = Release|Any CPU
		{BF5409A1-A484-4D45-8A62-949C9607864A}.Debug|Any CPU.ActiveCfg = Debug|Any CPU
		{BF5409A1-A484-4D45-8A62-949C9607864A}.Debug|Any CPU.Build.0 = Debug|Any CPU
		{BF5409A1-A484-4D45-8A62-949C9607864A}.Release|Any CPU.ActiveCfg = Release|Any CPU
		{BF5409A1-A484-4D45-8A62-949C9607864A}.Release|Any CPU.Build.0 = Release|Any CPU
	EndGlobalSection
	GlobalSection(SolutionProperties) = preSolution
		HideSolutionNode = FALSE
	EndGlobalSection
	GlobalSection(ExtensibilityGlobals) = postSolution
		SolutionGuid = {323858BC-3B81-48B8-AF5A-7D59086F463E}
	EndGlobalSection
EndGlobal
