
Microsoft Visual Studio Solution File, Format Version 12.00
# Visual Studio Version 16
VisualStudioVersion = 16.0.30804.86
MinimumVisualStudioVersion = 10.0.40219.1
Project("{9A19103F-16F7-4668-BE54-9A1E7A4F7556}") = "Day01", "Day01\Day01.csproj", "{4818F662-3F69-48EE-BE51-E1E7D9C4A41D}"
EndProject
Project("{9A19103F-16F7-4668-BE54-9A1E7A4F7556}") = "Day02", "Day02\Day02.csproj", "{E3511EF2-2A5C-474F-827B-F7971A3DCD81}"
EndProject
Project("{9A19103F-16F7-4668-BE54-9A1E7A4F7556}") = "Day03", "Day03\Day03.csproj", "{A52A6E60-3E43-4545-8E77-63F799EA594B}"
EndProject
Project("{9A19103F-16F7-4668-BE54-9A1E7A4F7556}") = "Day04", "Day04\Day04.csproj", "{5202A6B9-3063-44DB-8C98-235E09CB49BF}"
EndProject
Project("{9A19103F-16F7-4668-BE54-9A1E7A4F7556}") = "Day05", "Day05\Day05.csproj", "{31C3C549-87C8-4890-94FE-B7848208669D}"
EndProject
Project("{9A19103F-16F7-4668-BE54-9A1E7A4F7556}") = "Day06", "Day06\Day06.csproj", "{0AE46CAB-DD59-4D80-AB04-69FA6DCB4E56}"
EndProject
Project("{9A19103F-16F7-4668-BE54-9A1E7A4F7556}") = "Day07", "Day07\Day07.csproj", "{A2B8FA48-0282-4E93-B220-E3A7D1054FD8}"
EndProject
Project("{FAE04EC0-301F-11D3-BF4B-00C04F79EFBC}") = "Day08", "Day08\Day08.csproj", "{E08C4CC9-9830-4249-BD13-E62E8EBD609E}"
EndProject
Project("{FAE04EC0-301F-11D3-BF4B-00C04F79EFBC}") = "Day09", "Day09\Day09.csproj", "{87361FC5-FDBB-4FA8-BC9B-E5710AED1B04}"
EndProject
Global
	GlobalSection(SolutionConfigurationPlatforms) = preSolution
		Debug|Any CPU = Debug|Any CPU
		Release|Any CPU = Release|Any CPU
	EndGlobalSection
	GlobalSection(ProjectConfigurationPlatforms) = postSolution
		{4818F662-3F69-48EE-BE51-E1E7D9C4A41D}.Debug|Any CPU.ActiveCfg = Debug|Any CPU
		{4818F662-3F69-48EE-BE51-E1E7D9C4A41D}.Debug|Any CPU.Build.0 = Debug|Any CPU
		{4818F662-3F69-48EE-BE51-E1E7D9C4A41D}.Release|Any CPU.ActiveCfg = Release|Any CPU
		{4818F662-3F69-48EE-BE51-E1E7D9C4A41D}.Release|Any CPU.Build.0 = Release|Any CPU
		{E3511EF2-2A5C-474F-827B-F7971A3DCD81}.Debug|Any CPU.ActiveCfg = Debug|Any CPU
		{E3511EF2-2A5C-474F-827B-F7971A3DCD81}.Debug|Any CPU.Build.0 = Debug|Any CPU
		{E3511EF2-2A5C-474F-827B-F7971A3DCD81}.Release|Any CPU.ActiveCfg = Release|Any CPU
		{E3511EF2-2A5C-474F-827B-F7971A3DCD81}.Release|Any CPU.Build.0 = Release|Any CPU
		{A52A6E60-3E43-4545-8E77-63F799EA594B}.Debug|Any CPU.ActiveCfg = Debug|Any CPU
		{A52A6E60-3E43-4545-8E77-63F799EA594B}.Debug|Any CPU.Build.0 = Debug|Any CPU
		{A52A6E60-3E43-4545-8E77-63F799EA594B}.Release|Any CPU.ActiveCfg = Release|Any CPU
		{A52A6E60-3E43-4545-8E77-63F799EA594B}.Release|Any CPU.Build.0 = Release|Any CPU
		{5202A6B9-3063-44DB-8C98-235E09CB49BF}.Debug|Any CPU.ActiveCfg = Debug|Any CPU
		{5202A6B9-3063-44DB-8C98-235E09CB49BF}.Debug|Any CPU.Build.0 = Debug|Any CPU
		{5202A6B9-3063-44DB-8C98-235E09CB49BF}.Release|Any CPU.ActiveCfg = Release|Any CPU
		{5202A6B9-3063-44DB-8C98-235E09CB49BF}.Release|Any CPU.Build.0 = Release|Any CPU
		{31C3C549-87C8-4890-94FE-B7848208669D}.Debug|Any CPU.ActiveCfg = Debug|Any CPU
		{31C3C549-87C8-4890-94FE-B7848208669D}.Debug|Any CPU.Build.0 = Debug|Any CPU
		{31C3C549-87C8-4890-94FE-B7848208669D}.Release|Any CPU.ActiveCfg = Release|Any CPU
		{31C3C549-87C8-4890-94FE-B7848208669D}.Release|Any CPU.Build.0 = Release|Any CPU
		{0AE46CAB-DD59-4D80-AB04-69FA6DCB4E56}.Debug|Any CPU.ActiveCfg = Debug|Any CPU
		{0AE46CAB-DD59-4D80-AB04-69FA6DCB4E56}.Debug|Any CPU.Build.0 = Debug|Any CPU
		{0AE46CAB-DD59-4D80-AB04-69FA6DCB4E56}.Release|Any CPU.ActiveCfg = Release|Any CPU
		{0AE46CAB-DD59-4D80-AB04-69FA6DCB4E56}.Release|Any CPU.Build.0 = Release|Any CPU
		{A2B8FA48-0282-4E93-B220-E3A7D1054FD8}.Debug|Any CPU.ActiveCfg = Debug|Any CPU
		{A2B8FA48-0282-4E93-B220-E3A7D1054FD8}.Debug|Any CPU.Build.0 = Debug|Any CPU
		{A2B8FA48-0282-4E93-B220-E3A7D1054FD8}.Release|Any CPU.ActiveCfg = Release|Any CPU
		{A2B8FA48-0282-4E93-B220-E3A7D1054FD8}.Release|Any CPU.Build.0 = Release|Any CPU
		{E08C4CC9-9830-4249-BD13-E62E8EBD609E}.Debug|Any CPU.ActiveCfg = Debug|Any CPU
		{E08C4CC9-9830-4249-BD13-E62E8EBD609E}.Debug|Any CPU.Build.0 = Debug|Any CPU
		{E08C4CC9-9830-4249-BD13-E62E8EBD609E}.Release|Any CPU.ActiveCfg = Release|Any CPU
		{E08C4CC9-9830-4249-BD13-E62E8EBD609E}.Release|Any CPU.Build.0 = Release|Any CPU
		{87361FC5-FDBB-4FA8-BC9B-E5710AED1B04}.Debug|Any CPU.ActiveCfg = Debug|Any CPU
		{87361FC5-FDBB-4FA8-BC9B-E5710AED1B04}.Debug|Any CPU.Build.0 = Debug|Any CPU
		{87361FC5-FDBB-4FA8-BC9B-E5710AED1B04}.Release|Any CPU.ActiveCfg = Release|Any CPU
		{87361FC5-FDBB-4FA8-BC9B-E5710AED1B04}.Release|Any CPU.Build.0 = Release|Any CPU
	EndGlobalSection
	GlobalSection(SolutionProperties) = preSolution
		HideSolutionNode = FALSE
	EndGlobalSection
	GlobalSection(ExtensibilityGlobals) = postSolution
		SolutionGuid = {40E34BA4-D83B-4FDA-9461-3CAEC772BBBA}
	EndGlobalSection
EndGlobal
