
Microsoft Visual Studio Solution File, Format Version 12.00
# Visual Studio Version 16
VisualStudioVersion = 16.0.29519.87
MinimumVisualStudioVersion = 10.0.40219.1
Project("{9A19103F-16F7-4668-BE54-9A1E7A4F7556}") = "Day01", "Day01\Day01.csproj", "{F5986E2F-E67A-4236-8562-143BD3BB78ED}"
EndProject
Project("{9A19103F-16F7-4668-BE54-9A1E7A4F7556}") = "Day02", "Day02\Day02.csproj", "{D1F0855F-C235-4402-8BB8-AB4DF3602DBC}"
EndProject
Project("{9A19103F-16F7-4668-BE54-9A1E7A4F7556}") = "Day03", "Day03\Day03.csproj", "{2815894C-2A9B-43B0-9E54-A3EF59918474}"
EndProject
Project("{9A19103F-16F7-4668-BE54-9A1E7A4F7556}") = "Day04", "Day04\Day04.csproj", "{1722D701-3188-4938-A21D-3EC284210976}"
EndProject
Project("{9A19103F-16F7-4668-BE54-9A1E7A4F7556}") = "Day05", "Day05\Day05.csproj", "{724D8D94-444F-4857-AEAF-53254D36499B}"
EndProject
Project("{FAE04EC0-301F-11D3-BF4B-00C04F79EFBC}") = "Day06", "Day06\Day06.csproj", "{E305A65C-416C-4AFE-A5CD-3CEF949569BF}"
EndProject
Global
	GlobalSection(SolutionConfigurationPlatforms) = preSolution
		Debug|Any CPU = Debug|Any CPU
		Release|Any CPU = Release|Any CPU
	EndGlobalSection
	GlobalSection(ProjectConfigurationPlatforms) = postSolution
		{F5986E2F-E67A-4236-8562-143BD3BB78ED}.Debug|Any CPU.ActiveCfg = Debug|Any CPU
		{F5986E2F-E67A-4236-8562-143BD3BB78ED}.Debug|Any CPU.Build.0 = Debug|Any CPU
		{F5986E2F-E67A-4236-8562-143BD3BB78ED}.Release|Any CPU.ActiveCfg = Release|Any CPU
		{F5986E2F-E67A-4236-8562-143BD3BB78ED}.Release|Any CPU.Build.0 = Release|Any CPU
		{D1F0855F-C235-4402-8BB8-AB4DF3602DBC}.Debug|Any CPU.ActiveCfg = Debug|Any CPU
		{D1F0855F-C235-4402-8BB8-AB4DF3602DBC}.Debug|Any CPU.Build.0 = Debug|Any CPU
		{D1F0855F-C235-4402-8BB8-AB4DF3602DBC}.Release|Any CPU.ActiveCfg = Release|Any CPU
		{D1F0855F-C235-4402-8BB8-AB4DF3602DBC}.Release|Any CPU.Build.0 = Release|Any CPU
		{2815894C-2A9B-43B0-9E54-A3EF59918474}.Debug|Any CPU.ActiveCfg = Debug|Any CPU
		{2815894C-2A9B-43B0-9E54-A3EF59918474}.Debug|Any CPU.Build.0 = Debug|Any CPU
		{2815894C-2A9B-43B0-9E54-A3EF59918474}.Release|Any CPU.ActiveCfg = Release|Any CPU
		{2815894C-2A9B-43B0-9E54-A3EF59918474}.Release|Any CPU.Build.0 = Release|Any CPU
		{1722D701-3188-4938-A21D-3EC284210976}.Debug|Any CPU.ActiveCfg = Debug|Any CPU
		{1722D701-3188-4938-A21D-3EC284210976}.Debug|Any CPU.Build.0 = Debug|Any CPU
		{1722D701-3188-4938-A21D-3EC284210976}.Release|Any CPU.ActiveCfg = Release|Any CPU
		{1722D701-3188-4938-A21D-3EC284210976}.Release|Any CPU.Build.0 = Release|Any CPU
		{724D8D94-444F-4857-AEAF-53254D36499B}.Debug|Any CPU.ActiveCfg = Debug|Any CPU
		{724D8D94-444F-4857-AEAF-53254D36499B}.Debug|Any CPU.Build.0 = Debug|Any CPU
		{724D8D94-444F-4857-AEAF-53254D36499B}.Release|Any CPU.ActiveCfg = Release|Any CPU
		{724D8D94-444F-4857-AEAF-53254D36499B}.Release|Any CPU.Build.0 = Release|Any CPU
		{E305A65C-416C-4AFE-A5CD-3CEF949569BF}.Debug|Any CPU.ActiveCfg = Debug|Any CPU
		{E305A65C-416C-4AFE-A5CD-3CEF949569BF}.Debug|Any CPU.Build.0 = Debug|Any CPU
		{E305A65C-416C-4AFE-A5CD-3CEF949569BF}.Release|Any CPU.ActiveCfg = Release|Any CPU
		{E305A65C-416C-4AFE-A5CD-3CEF949569BF}.Release|Any CPU.Build.0 = Release|Any CPU
	EndGlobalSection
	GlobalSection(SolutionProperties) = preSolution
		HideSolutionNode = FALSE
	EndGlobalSection
	GlobalSection(ExtensibilityGlobals) = postSolution
		SolutionGuid = {39B13EC3-E896-4804-8A8F-C8289525D2EA}
	EndGlobalSection
EndGlobal
